
Microsoft Visual Studio Solution File, Format Version 12.00
# Visual Studio Version 17
VisualStudioVersion = 17.10.34916.146
MinimumVisualStudioVersion = 10.0.40219.1
Project("{FAE04EC0-301F-11D3-BF4B-00C04F79EFBC}") = "RenovateTest", "RenovateTest\RenovateTest.csproj", "{F2B4EBC5-D9B6-4D0D-977F-3EBC38C87A07}"
EndProject
Global
	GlobalSection(SolutionConfigurationPlatforms) = preSolution
		Debug|Any CPU = Debug|Any CPU
		Release|Any CPU = Release|Any CPU
	EndGlobalSection
	GlobalSection(ProjectConfigurationPlatforms) = postSolution
		{F2B4EBC5-D9B6-4D0D-977F-3EBC38C87A07}.Debug|Any CPU.ActiveCfg = Debug|Any CPU
		{F2B4EBC5-D9B6-4D0D-977F-3EBC38C87A07}.Debug|Any CPU.Build.0 = Debug|Any CPU
		{F2B4EBC5-D9B6-4D0D-977F-3EBC38C87A07}.Release|Any CPU.ActiveCfg = Release|Any CPU
		{F2B4EBC5-D9B6-4D0D-977F-3EBC38C87A07}.Release|Any CPU.Build.0 = Release|Any CPU
	EndGlobalSection
	GlobalSection(SolutionProperties) = preSolution
		HideSolutionNode = FALSE
	EndGlobalSection
	GlobalSection(ExtensibilityGlobals) = postSolution
		SolutionGuid = {55E1E8C8-DCF2-48CE-B9AC-28B7340042F2}
	EndGlobalSection
EndGlobal
